
Microsoft Visual Studio Solution File, Format Version 12.00
# Visual Studio 15
VisualStudioVersion = 15.0.28307.705
MinimumVisualStudioVersion = 10.0.40219.1
Project("{FAE04EC0-301F-11D3-BF4B-00C04F79EFBC}") = "ToDoListApplication", "ToDoLidtApplication\ToDoListApplication.csproj", "{FDBE9A12-0E07-4BB5-997D-6245AD262F53}"
EndProject
Global
	GlobalSection(SolutionConfigurationPlatforms) = preSolution
		Debug|Any CPU = Debug|Any CPU
		Release|Any CPU = Release|Any CPU
	EndGlobalSection
	GlobalSection(ProjectConfigurationPlatforms) = postSolution
		{FDBE9A12-0E07-4BB5-997D-6245AD262F53}.Debug|Any CPU.ActiveCfg = Debug|Any CPU
		{FDBE9A12-0E07-4BB5-997D-6245AD262F53}.Debug|Any CPU.Build.0 = Debug|Any CPU
		{FDBE9A12-0E07-4BB5-997D-6245AD262F53}.Release|Any CPU.ActiveCfg = Release|Any CPU
		{FDBE9A12-0E07-4BB5-997D-6245AD262F53}.Release|Any CPU.Build.0 = Release|Any CPU
	EndGlobalSection
	GlobalSection(SolutionProperties) = preSolution
		HideSolutionNode = FALSE
	EndGlobalSection
	GlobalSection(ExtensibilityGlobals) = postSolution
		SolutionGuid = {2A876C29-8C82-4A57-A028-BFC6B88E855D}
	EndGlobalSection
EndGlobal
